<?xml version="1.0" encoding="utf-8"?>
<Project ToolsVersion="4.0" xmlns="http://schemas.microsoft.com/developer/msbuild/2003">
  <ItemGroup>
    <Filter Include="源文件">
      <UniqueIdentifier>{4FC737F1-C7A5-4376-A066-2A32D752A2FF}</UniqueIdentifier>
      <Extensions>cpp;c;cc;cxx;c++;cppm;ixx;def;odl;idl;hpj;bat;asm;asmx</Extensions>
    </Filter>
    <Filter Include="头文件">
      <UniqueIdentifier>{93995380-89BD-4b04-88EB-625FBE52EBFB}</UniqueIdentifier>
      <Extensions>h;hh;hpp;hxx;h++;hm;inl;inc;ipp;xsd</Extensions>
    </Filter>
    <Filter Include="资源文件">
      <UniqueIdentifier>{67DA6AB6-F800-4c08-8B7A-83BB121AAD01}</UniqueIdentifier>
      <Extensions>rc;ico;cur;bmp;dlg;rc2;rct;bin;rgs;gif;jpg;jpeg;jpe;resx;tiff;tif;png;wav;mfcribbon-ms</Extensions>
    </Filter>
  </ItemGroup>
  <ItemGroup>
    <ClInclude Include="DateUtil.h">
      <Filter>头文件</Filter>
    </ClInclude>
    <ClInclude Include="StringUtil.h">
      <Filter>头文件</Filter>
    </ClInclude>
    <ClInclude Include="Book.h">
      <Filter>头文件</Filter>
    </ClInclude>
    <ClInclude Include="Reader.h">
      <Filter>头文件</Filter>
    </ClInclude>
    <ClInclude Include="BorrowRecord.h">
      <Filter>头文件</Filter>
    </ClInclude>
    <ClInclude Include="LibraryManager.h">
      <Filter>头文件</Filter>
    </ClInclude>
    <ClInclude Include="FileManager.h">
      <Filter>头文件</Filter>
    </ClInclude>
    <ClInclude Include="BookService.h">
      <Filter>头文件</Filter>
    </ClInclude>
    <ClInclude Include="ReaderService.h">
      <Filter>头文件</Filter>
    </ClInclude>
    <ClInclude Include="BorrowService.h">
      <Filter>头文件</Filter>
    </ClInclude>
    <ClInclude Include="SearchService.h">
      <Filter>头文件</Filter>
    </ClInclude>
    <ClInclude Include="AIRecommender.h">
      <Filter>头文件</Filter>
    </ClInclude>
    <ClInclude Include="DataAnalyzer.h">
      <Filter>头文件</Filter>
    </ClInclude>
    <ClInclude Include="NotificationCenter.h">
      <Filter>头文件</Filter>
    </ClInclude>
    <ClInclude Include="ReservationSystem.h">
      <Filter>头文件</Filter>
    </ClInclude>
    <ClInclude Include="CreditSystem.h">
      <Filter>头文件</Filter>
    </ClInclude>
    <ClInclude Include="CommunityManager.h">
      <Filter>头文件</Filter>
    </ClInclude>
    <ClInclude Include="MultiTerminalSync.h">
      <Filter>头文件</Filter>
    </ClInclude>
    <ClInclude Include="ReportGenerator.h">
      <Filter>头文件</Filter>
    </ClInclude>
    <ClInclude Include="SecurityManager.h">
      <Filter>头文件</Filter>
    </ClInclude>
    <ClInclude Include="Encryption.h">
      <Filter>头文件</Filter>
    </ClInclude>
    <ClInclude Include="Logger.h">
      <Filter>头文件</Filter>
    </ClInclude>
    <ClInclude Include="AdvancedSearch.h">
      <Filter>头文件</Filter>
    </ClInclude>
    <ClInclude Include="ConsoleUI.h">
      <Filter>头文件</Filter>
    </ClInclude>
    <ClInclude Include="InteractiveShell.h">
      <Filter>头文件</Filter>
    </ClInclude>
  </ItemGroup>
  <ItemGroup>
    <ClCompile Include="DateUtil.cpp">
      <Filter>源文件</Filter>
    </ClCompile>
    <ClCompile Include="StringUtil.cpp">
      <Filter>源文件</Filter>
    </ClCompile>
    <ClCompile Include="Book.cpp">
      <Filter>源文件</Filter>
    </ClCompile>
    <ClCompile Include="Reader.cpp">
      <Filter>源文件</Filter>
    </ClCompile>
    <ClCompile Include="BorrowRecord.cpp">
      <Filter>源文件</Filter>
    </ClCompile>
    <ClCompile Include="LibraryManager.cpp">
      <Filter>源文件</Filter>
    </ClCompile>
    <ClCompile Include="FileManager.cpp">
      <Filter>源文件</Filter>
    </ClCompile>
    <ClCompile Include="BookService.cpp">
      <Filter>源文件</Filter>
    </ClCompile>
    <ClCompile Include="ReaderService.cpp">
      <Filter>源文件</Filter>
    </ClCompile>
    <ClCompile Include="BorrowService.cpp">
      <Filter>源文件</Filter>
    </ClCompile>
    <ClCompile Include="SearchService.cpp">
      <Filter>源文件</Filter>
    </ClCompile>
    <ClCompile Include="AIRecommender.cpp">
      <Filter>源文件</Filter>
    </ClCompile>
    <ClCompile Include="DataAnalyzer.cpp">
      <Filter>源文件</Filter>
    </ClCompile>
    <ClCompile Include="NotificationCenter.cpp">
      <Filter>源文件</Filter>
    </ClCompile>
    <ClCompile Include="ReservationSystem.cpp">
      <Filter>源文件</Filter>
    </ClCompile>
    <ClCompile Include="CreditSystem.cpp">
      <Filter>源文件</Filter>
    </ClCompile>
    <ClCompile Include="CommunityManager.cpp">
      <Filter>源文件</Filter>
    </ClCompile>
    <ClCompile Include="MultiTerminalSync.cpp">
      <Filter>源文件</Filter>
    </ClCompile>
    <ClCompile Include="ReportGenerator.cpp">
      <Filter>源文件</Filter>
    </ClCompile>
    <ClCompile Include="SecurityManager.cpp">
      <Filter>源文件</Filter>
    </ClCompile>
    <ClCompile Include="Encryption.cpp">
      <Filter>源文件</Filter>
    </ClCompile>
    <ClCompile Include="Logger.cpp">
      <Filter>源文件</Filter>
    </ClCompile>
    <ClCompile Include="AdvancedSearch.cpp">
      <Filter>源文件</Filter>
    </ClCompile>
    <ClCompile Include="main.cpp">
      <Filter>源文件</Filter>
    </ClCompile>
    <ClCompile Include="InteractiveShell.cpp">
      <Filter>源文件</Filter>
    </ClCompile>
  </ItemGroup>
</Project>