<?xml version="1.0" encoding="utf-8"?>
<Project ToolsVersion="4.0" xmlns="http://schemas.microsoft.com/developer/msbuild/2003">
  <ItemGroup>
    <Filter Include="源文件">
      <UniqueIdentifier>{4FC737F1-C7A5-4376-A066-2A32D752A2FF}</UniqueIdentifier>
      <Extensions>cpp;c;cc;cxx;c++;cppm;ixx;def;odl;idl;hpj;bat;asm;asmx</Extensions>
    </Filter>
    <Filter Include="头文件">
      <UniqueIdentifier>{93995380-89BD-4b04-88EB-625FBE52EBFB}</UniqueIdentifier>
      <Extensions>h;hh;hpp;hxx;h++;hm;inl;inc;ipp;xsd</Extensions>
    </Filter>
    <Filter Include="资源文件">
      <UniqueIdentifier>{67DA6AB6-F800-4c08-8B7A-83BB121AAD01}</UniqueIdentifier>
      <Extensions>rc;ico;cur;bmp;dlg;rc2;rct;bin;rgs;gif;jpg;jpeg;jpe;resx;tiff;tif;png;wav;mfcribbon-ms</Extensions>
    </Filter>
  </ItemGroup>
  <ItemGroup>
    <ClInclude Include="include\DateUtil.h">
      <Filter>头文件</Filter>
    </ClInclude>
    <ClInclude Include="include\StringUtil.h">
      <Filter>头文件</Filter>
    </ClInclude>
    <ClInclude Include="include\Book.h">
      <Filter>头文件</Filter>
    </ClInclude>
    <ClInclude Include="include\Reader.h">
      <Filter>头文件</Filter>
    </ClInclude>
    <ClInclude Include="include\BorrowRecord.h">
      <Filter>头文件</Filter>
    </ClInclude>
    <ClInclude Include="include\LibraryManager.h">
      <Filter>头文件</Filter>
    </ClInclude>
    <ClInclude Include="include\FileManager.h">
      <Filter>头文件</Filter>
    </ClInclude>
    <ClInclude Include="include\BookService.h">
      <Filter>头文件</Filter>
    </ClInclude>
    <ClInclude Include="include\ReaderService.h">
      <Filter>头文件</Filter>
    </ClInclude>
    <ClInclude Include="include\BorrowService.h">
      <Filter>头文件</Filter>
    </ClInclude>
    <ClInclude Include="include\SearchService.h">
      <Filter>头文件</Filter>
    </ClInclude>
    <ClInclude Include="include\AIRecommender.h">
      <Filter>头文件</Filter>
    </ClInclude>
    <ClInclude Include="include\DataAnalyzer.h">
      <Filter>头文件</Filter>
    </ClInclude>
    <ClInclude Include="include\NotificationCenter.h">
      <Filter>头文件</Filter>
    </ClInclude>
    <ClInclude Include="include\ReservationSystem.h">
      <Filter>头文件</Filter>
    </ClInclude>
    <ClInclude Include="include\CreditSystem.h">
      <Filter>头文件</Filter>
    </ClInclude>
    <ClInclude Include="include\CommunityManager.h">
      <Filter>头文件</Filter>
    </ClInclude>
    <ClInclude Include="include\MultiTerminalSync.h">
      <Filter>头文件</Filter>
    </ClInclude>
    <ClInclude Include="include\ReportGenerator.h">
      <Filter>头文件</Filter>
    </ClInclude>
    <ClInclude Include="include\SecurityManager.h">
      <Filter>头文件</Filter>
    </ClInclude>
    <ClInclude Include="include\Encryption.h">
      <Filter>头文件</Filter>
    </ClInclude>
    <ClInclude Include="include\Logger.h">
      <Filter>头文件</Filter>
    </ClInclude>
    <ClInclude Include="include\AdvancedSearch.h">
      <Filter>头文件</Filter>
    </ClInclude>
    <ClInclude Include="include\ConsoleUI.h">
      <Filter>头文件</Filter>
    </ClInclude>
    <ClInclude Include="include\InteractiveShell.h">
      <Filter>头文件</Filter>
    </ClInclude>
  </ItemGroup>
  <ItemGroup>
    <ClCompile Include="src\DateUtil.cpp">
      <Filter>源文件</Filter>
    </ClCompile>
    <ClCompile Include="src\StringUtil.cpp">
      <Filter>源文件</Filter>
    </ClCompile>
    <ClCompile Include="src\Book.cpp">
      <Filter>源文件</Filter>
    </ClCompile>
    <ClCompile Include="src\Reader.cpp">
      <Filter>源文件</Filter>
    </ClCompile>
    <ClCompile Include="src\BorrowRecord.cpp">
      <Filter>源文件</Filter>
    </ClCompile>
    <ClCompile Include="src\LibraryManager.cpp">
      <Filter>源文件</Filter>
    </ClCompile>
    <ClCompile Include="src\FileManager.cpp">
      <Filter>源文件</Filter>
    </ClCompile>
    <ClCompile Include="src\BookService.cpp">
      <Filter>源文件</Filter>
    </ClCompile>
    <ClCompile Include="src\ReaderService.cpp">
      <Filter>源文件</Filter>
    </ClCompile>
    <ClCompile Include="src\BorrowService.cpp">
      <Filter>源文件</Filter>
    </ClCompile>
    <ClCompile Include="src\SearchService.cpp">
      <Filter>源文件</Filter>
    </ClCompile>
    <ClCompile Include="src\AIRecommender.cpp">
      <Filter>源文件</Filter>
    </ClCompile>
    <ClCompile Include="src\DataAnalyzer.cpp">
      <Filter>源文件</Filter>
    </ClCompile>
    <ClCompile Include="src\NotificationCenter.cpp">
      <Filter>源文件</Filter>
    </ClCompile>
    <ClCompile Include="src\ReservationSystem.cpp">
      <Filter>源文件</Filter>
    </ClCompile>
    <ClCompile Include="src\CreditSystem.cpp">
      <Filter>源文件</Filter>
    </ClCompile>
    <ClCompile Include="src\CommunityManager.cpp">
      <Filter>源文件</Filter>
    </ClCompile>
    <ClCompile Include="src\MultiTerminalSync.cpp">
      <Filter>源文件</Filter>
    </ClCompile>
    <ClCompile Include="src\ReportGenerator.cpp">
      <Filter>源文件</Filter>
    </ClCompile>
    <ClCompile Include="src\SecurityManager.cpp">
      <Filter>源文件</Filter>
    </ClCompile>
    <ClCompile Include="src\Encryption.cpp">
      <Filter>源文件</Filter>
    </ClCompile>
    <ClCompile Include="src\Logger.cpp">
      <Filter>源文件</Filter>
    </ClCompile>
    <ClCompile Include="src\AdvancedSearch.cpp">
      <Filter>源文件</Filter>
    </ClCompile>
    <ClCompile Include="src\main.cpp">
      <Filter>源文件</Filter>
    </ClCompile>
    <ClCompile Include="src\InteractiveShell.cpp">
      <Filter>源文件</Filter>
    </ClCompile>
  </ItemGroup>
</Project>
